// !$*UTF8*$!
{
	archiveVersion = 1;
	classes = {
	};
	objectVersion = 51;
	objects = {

/* Begin PBXBuildFile section */
		0903A8C624C8AE3600DC567E /* persion.swift in Sources */ = {isa = PBXBuildFile; fileRef = 0903A8C524C8AE3600DC567E /* persion.swift */; };
		0903A8C924C8B8FC00DC567E /* SettingViewController.swift in Sources */ = {isa = PBXBuildFile; fileRef = 0903A8C824C8B8FC00DC567E /* SettingViewController.swift */; };
		090BEAC824D2D54300875604 /* GoogleService-Info.plist in Resources */ = {isa = PBXBuildFile; fileRef = 090BEAC724D2D54300875604 /* GoogleService-Info.plist */; };
		090BEACA24D319CB00875604 /* ConvertHelper.swift in Sources */ = {isa = PBXBuildFile; fileRef = 090BEAC924D319CB00875604 /* ConvertHelper.swift */; };
		0916D8D124A33BDA00F71B21 /* AppDelegate.swift in Sources */ = {isa = PBXBuildFile; fileRef = 0916D8D024A33BDA00F71B21 /* AppDelegate.swift */; };
		0916D8D324A33BDA00F71B21 /* SceneDelegate.swift in Sources */ = {isa = PBXBuildFile; fileRef = 0916D8D224A33BDA00F71B21 /* SceneDelegate.swift */; };
		0916D8D524A33BDA00F71B21 /* ViewController.swift in Sources */ = {isa = PBXBuildFile; fileRef = 0916D8D424A33BDA00F71B21 /* ViewController.swift */; };
		0916D8D824A33BDA00F71B21 /* Main.storyboard in Resources */ = {isa = PBXBuildFile; fileRef = 0916D8D624A33BDA00F71B21 /* Main.storyboard */; };
		0916D8DA24A33BDE00F71B21 /* Assets.xcassets in Resources */ = {isa = PBXBuildFile; fileRef = 0916D8D924A33BDE00F71B21 /* Assets.xcassets */; };
		0916D8DD24A33BDE00F71B21 /* LaunchScreen.storyboard in Resources */ = {isa = PBXBuildFile; fileRef = 0916D8DB24A33BDE00F71B21 /* LaunchScreen.storyboard */; };
		0916D8E524A347A000F71B21 /* CustomColor.swift in Sources */ = {isa = PBXBuildFile; fileRef = 0916D8E424A347A000F71B21 /* CustomColor.swift */; };
		0916D8E824A3489000F71B21 /* LogInViewController.swift in Sources */ = {isa = PBXBuildFile; fileRef = 0916D8E724A3489000F71B21 /* LogInViewController.swift */; };
		0917B3C724A5992000675DD8 /* CustomTextField.swift in Sources */ = {isa = PBXBuildFile; fileRef = 0917B3C624A5992000675DD8 /* CustomTextField.swift */; };
		0917B3C924A5994500675DD8 /* CustomButton.swift in Sources */ = {isa = PBXBuildFile; fileRef = 0917B3C824A5994500675DD8 /* CustomButton.swift */; };
		09185DF724CF70E00094CB8A /* CustomTextFieldCreatVC.swift in Sources */ = {isa = PBXBuildFile; fileRef = 09185DF624CF70E00094CB8A /* CustomTextFieldCreatVC.swift */; };
		092F368324B2C6AA003EA5C1 /* InformationViewController.swift in Sources */ = {isa = PBXBuildFile; fileRef = 092F368224B2C6AA003EA5C1 /* InformationViewController.swift */; };
		092F368524B2C6CC003EA5C1 /* MessageViewController.swift in Sources */ = {isa = PBXBuildFile; fileRef = 092F368424B2C6CC003EA5C1 /* MessageViewController.swift */; };
		092F368724B2C6E5003EA5C1 /* NotificationViewController.swift in Sources */ = {isa = PBXBuildFile; fileRef = 092F368624B2C6E5003EA5C1 /* NotificationViewController.swift */; };
		092F368A24B2C761003EA5C1 /* MyTabBarViewController.swift in Sources */ = {isa = PBXBuildFile; fileRef = 092F368924B2C761003EA5C1 /* MyTabBarViewController.swift */; };
		092F368D24B2CC5F003EA5C1 /* CreateViewController.swift in Sources */ = {isa = PBXBuildFile; fileRef = 092F368C24B2CC5F003EA5C1 /* CreateViewController.swift */; };
		094CD2BF24C184C600169245 /* HomeTableViewCell.swift in Sources */ = {isa = PBXBuildFile; fileRef = 094CD2BE24C184C600169245 /* HomeTableViewCell.swift */; };
		094CD2C124C19B0900169245 /* MyCollectionViewCell.swift in Sources */ = {isa = PBXBuildFile; fileRef = 094CD2C024C19B0900169245 /* MyCollectionViewCell.swift */; };
		09683A6024BD967600F91B00 /* HomesViewController.swift in Sources */ = {isa = PBXBuildFile; fileRef = 09683A5F24BD967600F91B00 /* HomesViewController.swift */; };
		09683A6224BD9E6A00F91B00 /* GradientPoints.swift in Sources */ = {isa = PBXBuildFile; fileRef = 09683A6124BD9E6A00F91B00 /* GradientPoints.swift */; };
		099D75BD24AC36E000AF0AB6 /* RegisterViewController.swift in Sources */ = {isa = PBXBuildFile; fileRef = 099D75BC24AC36E000AF0AB6 /* RegisterViewController.swift */; };
		09CBB35F24C9729A006C65E8 /* InformationTableViewCell.swift in Sources */ = {isa = PBXBuildFile; fileRef = 09CBB35D24C9729A006C65E8 /* InformationTableViewCell.swift */; };
		09CBB36024C9729A006C65E8 /* InformationTableViewCell.xib in Resources */ = {isa = PBXBuildFile; fileRef = 09CBB35E24C9729A006C65E8 /* InformationTableViewCell.xib */; };
		09CBB36224C97495006C65E8 /* information.swift in Sources */ = {isa = PBXBuildFile; fileRef = 09CBB36124C97495006C65E8 /* information.swift */; };
		09CBB36424C97D7A006C65E8 /* MyRequestViewController.swift in Sources */ = {isa = PBXBuildFile; fileRef = 09CBB36324C97D7A006C65E8 /* MyRequestViewController.swift */; };
		09CBB36624C97D9E006C65E8 /* RequestReceivedViewController.swift in Sources */ = {isa = PBXBuildFile; fileRef = 09CBB36524C97D9E006C65E8 /* RequestReceivedViewController.swift */; };
		09D49CE424D020AB0061E9C2 /* CustomHeader.swift in Sources */ = {isa = PBXBuildFile; fileRef = 09D49CE324D020AB0061E9C2 /* CustomHeader.swift */; };
		09D49CE724D02C8A0061E9C2 /* ITViewController.swift in Sources */ = {isa = PBXBuildFile; fileRef = 09D49CE624D02C8A0061E9C2 /* ITViewController.swift */; };
		09D49CE924D02CBB0061E9C2 /* CreationViewController.swift in Sources */ = {isa = PBXBuildFile; fileRef = 09D49CE824D02CBB0061E9C2 /* CreationViewController.swift */; };
		09D49CEB24D02CD40061E9C2 /* EngineerViewController.swift in Sources */ = {isa = PBXBuildFile; fileRef = 09D49CEA24D02CD40061E9C2 /* EngineerViewController.swift */; };
		09DA9FAD24D15BB600A897A5 /* NotificationTableViewCell.swift in Sources */ = {isa = PBXBuildFile; fileRef = 09DA9FAB24D15BB600A897A5 /* NotificationTableViewCell.swift */; };
		09DA9FAE24D15BB600A897A5 /* NotificationTableViewCell.xib in Resources */ = {isa = PBXBuildFile; fileRef = 09DA9FAC24D15BB600A897A5 /* NotificationTableViewCell.xib */; };
		09DA9FB024D15BC900A897A5 /* Notification.swift in Sources */ = {isa = PBXBuildFile; fileRef = 09DA9FAF24D15BC900A897A5 /* Notification.swift */; };
		09DA9FB524D164A900A897A5 /* home.swift in Sources */ = {isa = PBXBuildFile; fileRef = 09DA9FB424D164A900A897A5 /* home.swift */; };
		09E93E1824C93A7300E756C3 /* MessagerTableViewCell.swift in Sources */ = {isa = PBXBuildFile; fileRef = 09E93E1624C93A7300E756C3 /* MessagerTableViewCell.swift */; };
		09E93E1924C93A7300E756C3 /* MessagerTableViewCell.xib in Resources */ = {isa = PBXBuildFile; fileRef = 09E93E1724C93A7300E756C3 /* MessagerTableViewCell.xib */; };
		D6E89D94C7331F1028E3D27D /* Pods_DoSomeThing.framework in Frameworks */ = {isa = PBXBuildFile; fileRef = 6296DCE8FDCEFD58E8B23F46 /* Pods_DoSomeThing.framework */; };
/* End PBXBuildFile section */

/* Begin PBXFileReference section */
		0903A8C524C8AE3600DC567E /* persion.swift */ = {isa = PBXFileReference; lastKnownFileType = sourcecode.swift; path = persion.swift; sourceTree = "<group>"; };
		0903A8C824C8B8FC00DC567E /* SettingViewController.swift */ = {isa = PBXFileReference; lastKnownFileType = sourcecode.swift; path = SettingViewController.swift; sourceTree = "<group>"; };
		090BEAC724D2D54300875604 /* GoogleService-Info.plist */ = {isa = PBXFileReference; fileEncoding = 4; lastKnownFileType = text.plist.xml; path = "GoogleService-Info.plist"; sourceTree = "<group>"; };
		090BEAC924D319CB00875604 /* ConvertHelper.swift */ = {isa = PBXFileReference; lastKnownFileType = sourcecode.swift; path = ConvertHelper.swift; sourceTree = "<group>"; };
		0916D8CD24A33BDA00F71B21 /* DoSomeThing.app */ = {isa = PBXFileReference; explicitFileType = wrapper.application; includeInIndex = 0; path = DoSomeThing.app; sourceTree = BUILT_PRODUCTS_DIR; };
		0916D8D024A33BDA00F71B21 /* AppDelegate.swift */ = {isa = PBXFileReference; lastKnownFileType = sourcecode.swift; path = AppDelegate.swift; sourceTree = "<group>"; };
		0916D8D224A33BDA00F71B21 /* SceneDelegate.swift */ = {isa = PBXFileReference; lastKnownFileType = sourcecode.swift; path = SceneDelegate.swift; sourceTree = "<group>"; };
		0916D8D424A33BDA00F71B21 /* ViewController.swift */ = {isa = PBXFileReference; lastKnownFileType = sourcecode.swift; path = ViewController.swift; sourceTree = "<group>"; };
		0916D8D724A33BDA00F71B21 /* Base */ = {isa = PBXFileReference; lastKnownFileType = file.storyboard; name = Base; path = Base.lproj/Main.storyboard; sourceTree = "<group>"; };
		0916D8D924A33BDE00F71B21 /* Assets.xcassets */ = {isa = PBXFileReference; lastKnownFileType = folder.assetcatalog; path = Assets.xcassets; sourceTree = "<group>"; };
		0916D8DC24A33BDE00F71B21 /* Base */ = {isa = PBXFileReference; lastKnownFileType = file.storyboard; name = Base; path = Base.lproj/LaunchScreen.storyboard; sourceTree = "<group>"; };
		0916D8DE24A33BDE00F71B21 /* Info.plist */ = {isa = PBXFileReference; lastKnownFileType = text.plist.xml; path = Info.plist; sourceTree = "<group>"; };
		0916D8E424A347A000F71B21 /* CustomColor.swift */ = {isa = PBXFileReference; lastKnownFileType = sourcecode.swift; path = CustomColor.swift; sourceTree = "<group>"; };
		0916D8E724A3489000F71B21 /* LogInViewController.swift */ = {isa = PBXFileReference; lastKnownFileType = sourcecode.swift; path = LogInViewController.swift; sourceTree = "<group>"; };
		0917B3C624A5992000675DD8 /* CustomTextField.swift */ = {isa = PBXFileReference; lastKnownFileType = sourcecode.swift; path = CustomTextField.swift; sourceTree = "<group>"; };
		0917B3C824A5994500675DD8 /* CustomButton.swift */ = {isa = PBXFileReference; lastKnownFileType = sourcecode.swift; path = CustomButton.swift; sourceTree = "<group>"; };
		09185DF624CF70E00094CB8A /* CustomTextFieldCreatVC.swift */ = {isa = PBXFileReference; lastKnownFileType = sourcecode.swift; path = CustomTextFieldCreatVC.swift; sourceTree = "<group>"; };
		092F368224B2C6AA003EA5C1 /* InformationViewController.swift */ = {isa = PBXFileReference; lastKnownFileType = sourcecode.swift; path = InformationViewController.swift; sourceTree = "<group>"; };
		092F368424B2C6CC003EA5C1 /* MessageViewController.swift */ = {isa = PBXFileReference; lastKnownFileType = sourcecode.swift; path = MessageViewController.swift; sourceTree = "<group>"; };
		092F368624B2C6E5003EA5C1 /* NotificationViewController.swift */ = {isa = PBXFileReference; lastKnownFileType = sourcecode.swift; path = NotificationViewController.swift; sourceTree = "<group>"; };
		092F368924B2C761003EA5C1 /* MyTabBarViewController.swift */ = {isa = PBXFileReference; lastKnownFileType = sourcecode.swift; path = MyTabBarViewController.swift; sourceTree = "<group>"; };
		092F368C24B2CC5F003EA5C1 /* CreateViewController.swift */ = {isa = PBXFileReference; lastKnownFileType = sourcecode.swift; path = CreateViewController.swift; sourceTree = "<group>"; };
		094CD2BE24C184C600169245 /* HomeTableViewCell.swift */ = {isa = PBXFileReference; lastKnownFileType = sourcecode.swift; path = HomeTableViewCell.swift; sourceTree = "<group>"; };
		094CD2C024C19B0900169245 /* MyCollectionViewCell.swift */ = {isa = PBXFileReference; lastKnownFileType = sourcecode.swift; path = MyCollectionViewCell.swift; sourceTree = "<group>"; };
		09683A5F24BD967600F91B00 /* HomesViewController.swift */ = {isa = PBXFileReference; lastKnownFileType = sourcecode.swift; path = HomesViewController.swift; sourceTree = "<group>"; };
		09683A6124BD9E6A00F91B00 /* GradientPoints.swift */ = {isa = PBXFileReference; lastKnownFileType = sourcecode.swift; path = GradientPoints.swift; sourceTree = "<group>"; };
		099D75BC24AC36E000AF0AB6 /* RegisterViewController.swift */ = {isa = PBXFileReference; lastKnownFileType = sourcecode.swift; path = RegisterViewController.swift; sourceTree = "<group>"; };
		09CBB35D24C9729A006C65E8 /* InformationTableViewCell.swift */ = {isa = PBXFileReference; lastKnownFileType = sourcecode.swift; path = InformationTableViewCell.swift; sourceTree = "<group>"; };
		09CBB35E24C9729A006C65E8 /* InformationTableViewCell.xib */ = {isa = PBXFileReference; lastKnownFileType = file.xib; path = InformationTableViewCell.xib; sourceTree = "<group>"; };
		09CBB36124C97495006C65E8 /* information.swift */ = {isa = PBXFileReference; lastKnownFileType = sourcecode.swift; path = information.swift; sourceTree = "<group>"; };
		09CBB36324C97D7A006C65E8 /* MyRequestViewController.swift */ = {isa = PBXFileReference; lastKnownFileType = sourcecode.swift; path = MyRequestViewController.swift; sourceTree = "<group>"; };
		09CBB36524C97D9E006C65E8 /* RequestReceivedViewController.swift */ = {isa = PBXFileReference; lastKnownFileType = sourcecode.swift; path = RequestReceivedViewController.swift; sourceTree = "<group>"; };
		09D49CE324D020AB0061E9C2 /* CustomHeader.swift */ = {isa = PBXFileReference; lastKnownFileType = sourcecode.swift; path = CustomHeader.swift; sourceTree = "<group>"; };
		09D49CE624D02C8A0061E9C2 /* ITViewController.swift */ = {isa = PBXFileReference; lastKnownFileType = sourcecode.swift; path = ITViewController.swift; sourceTree = "<group>"; };
		09D49CE824D02CBB0061E9C2 /* CreationViewController.swift */ = {isa = PBXFileReference; lastKnownFileType = sourcecode.swift; path = CreationViewController.swift; sourceTree = "<group>"; };
		09D49CEA24D02CD40061E9C2 /* EngineerViewController.swift */ = {isa = PBXFileReference; lastKnownFileType = sourcecode.swift; path = EngineerViewController.swift; sourceTree = "<group>"; };
		09DA9FAB24D15BB600A897A5 /* NotificationTableViewCell.swift */ = {isa = PBXFileReference; lastKnownFileType = sourcecode.swift; path = NotificationTableViewCell.swift; sourceTree = "<group>"; };
		09DA9FAC24D15BB600A897A5 /* NotificationTableViewCell.xib */ = {isa = PBXFileReference; lastKnownFileType = file.xib; path = NotificationTableViewCell.xib; sourceTree = "<group>"; };
		09DA9FAF24D15BC900A897A5 /* Notification.swift */ = {isa = PBXFileReference; lastKnownFileType = sourcecode.swift; path = Notification.swift; sourceTree = "<group>"; };
		09DA9FB424D164A900A897A5 /* home.swift */ = {isa = PBXFileReference; lastKnownFileType = sourcecode.swift; path = home.swift; sourceTree = "<group>"; };
		09E93E1624C93A7300E756C3 /* MessagerTableViewCell.swift */ = {isa = PBXFileReference; lastKnownFileType = sourcecode.swift; path = MessagerTableViewCell.swift; sourceTree = "<group>"; };
		09E93E1724C93A7300E756C3 /* MessagerTableViewCell.xib */ = {isa = PBXFileReference; lastKnownFileType = file.xib; path = MessagerTableViewCell.xib; sourceTree = "<group>"; };
		4E561EE29BEBDF76ADEEF15E /* Pods-DoSomeThing.release.xcconfig */ = {isa = PBXFileReference; includeInIndex = 1; lastKnownFileType = text.xcconfig; name = "Pods-DoSomeThing.release.xcconfig"; path = "Target Support Files/Pods-DoSomeThing/Pods-DoSomeThing.release.xcconfig"; sourceTree = "<group>"; };
		6296DCE8FDCEFD58E8B23F46 /* Pods_DoSomeThing.framework */ = {isa = PBXFileReference; explicitFileType = wrapper.framework; includeInIndex = 0; path = Pods_DoSomeThing.framework; sourceTree = BUILT_PRODUCTS_DIR; };
		EAD6263CECBEC88A9B96E7EF /* Pods-DoSomeThing.debug.xcconfig */ = {isa = PBXFileReference; includeInIndex = 1; lastKnownFileType = text.xcconfig; name = "Pods-DoSomeThing.debug.xcconfig"; path = "Target Support Files/Pods-DoSomeThing/Pods-DoSomeThing.debug.xcconfig"; sourceTree = "<group>"; };
/* End PBXFileReference section */

/* Begin PBXFrameworksBuildPhase section */
		0916D8CA24A33BDA00F71B21 /* Frameworks */ = {
			isa = PBXFrameworksBuildPhase;
			buildActionMask = 2147483647;
			files = (
				D6E89D94C7331F1028E3D27D /* Pods_DoSomeThing.framework in Frameworks */,
			);
			runOnlyForDeploymentPostprocessing = 0;
		};
/* End PBXFrameworksBuildPhase section */

/* Begin PBXGroup section */
		0903A8C724C8B8D300DC567E /* vcInInformation */ = {
			isa = PBXGroup;
			children = (
				0903A8C824C8B8FC00DC567E /* SettingViewController.swift */,
				09CBB36324C97D7A006C65E8 /* MyRequestViewController.swift */,
				090BEAC924D319CB00875604 /* ConvertHelper.swift */,
				09CBB36524C97D9E006C65E8 /* RequestReceivedViewController.swift */,
			);
			path = vcInInformation;
			sourceTree = "<group>";
		};
		0916D8C424A33BDA00F71B21 = {
			isa = PBXGroup;
			children = (
				0916D8CF24A33BDA00F71B21 /* DoSomeThing */,
				0916D8CE24A33BDA00F71B21 /* Products */,
				8EF7ADC602613B1AFFE6A815 /* Pods */,
				82D619BBC7A36958B4452CBA /* Frameworks */,
			);
			sourceTree = "<group>";
		};
		0916D8CE24A33BDA00F71B21 /* Products */ = {
			isa = PBXGroup;
			children = (
				0916D8CD24A33BDA00F71B21 /* DoSomeThing.app */,
			);
			name = Products;
			sourceTree = "<group>";
		};
		0916D8CF24A33BDA00F71B21 /* DoSomeThing */ = {
			isa = PBXGroup;
			children = (
				092F368B24B2CBFC003EA5C1 /* NavigationViewController */,
				092F368824B2C748003EA5C1 /* TabBar */,
				0916D8E624A3486D00F71B21 /* New Group */,
				0917B3CA24A5994B00675DD8 /* Custom */,
				0916D8D424A33BDA00F71B21 /* ViewController.swift */,
				090BEAC724D2D54300875604 /* GoogleService-Info.plist */,
				0916D8D624A33BDA00F71B21 /* Main.storyboard */,
				0916D8D924A33BDE00F71B21 /* Assets.xcassets */,
				0916D8DB24A33BDE00F71B21 /* LaunchScreen.storyboard */,
				0916D8DE24A33BDE00F71B21 /* Info.plist */,
			);
			path = DoSomeThing;
			sourceTree = "<group>";
		};
		0916D8E624A3486D00F71B21 /* New Group */ = {
			isa = PBXGroup;
			children = (
				0916D8E724A3489000F71B21 /* LogInViewController.swift */,
				099D75BC24AC36E000AF0AB6 /* RegisterViewController.swift */,
				09683A5F24BD967600F91B00 /* HomesViewController.swift */,
				09D49CE524D02C670061E9C2 /* VcInHome */,
				09D49CE224D016430061E9C2 /* CollectionViewHome */,
				09D49CDD24D015440061E9C2 /* tableViewHome */,
				092F368224B2C6AA003EA5C1 /* InformationViewController.swift */,
				09D49CE124D0161F0061E9C2 /* tableViewInformation */,
				09D49CDF24D015C00061E9C2 /* modalInformation */,
				0903A8C724C8B8D300DC567E /* vcInInformation */,
				092F368424B2C6CC003EA5C1 /* MessageViewController.swift */,
				09D49CE024D015EA0061E9C2 /* tabelViewMessage */,
				09D49CDE24D015880061E9C2 /* modalMessage */,
				092F368624B2C6E5003EA5C1 /* NotificationViewController.swift */,
				09DA9FA924D15B6900A897A5 /* TableViewNotification */,
				09DA9FAA24D15B7F00A897A5 /* modalNotification */,
			);
			path = "New Group";
			sourceTree = "<group>";
		};
		0917B3CA24A5994B00675DD8 /* Custom */ = {
			isa = PBXGroup;
			children = (
				0916D8E424A347A000F71B21 /* CustomColor.swift */,
				0917B3C624A5992000675DD8 /* CustomTextField.swift */,
				0917B3C824A5994500675DD8 /* CustomButton.swift */,
				09683A6124BD9E6A00F91B00 /* GradientPoints.swift */,
				09185DF624CF70E00094CB8A /* CustomTextFieldCreatVC.swift */,
				09D49CE324D020AB0061E9C2 /* CustomHeader.swift */,
			);
			path = Custom;
			sourceTree = "<group>";
		};
		092F368824B2C748003EA5C1 /* TabBar */ = {
			isa = PBXGroup;
			children = (
				092F368924B2C761003EA5C1 /* MyTabBarViewController.swift */,
				0916D8D024A33BDA00F71B21 /* AppDelegate.swift */,
				0916D8D224A33BDA00F71B21 /* SceneDelegate.swift */,
			);
			path = TabBar;
			sourceTree = "<group>";
		};
		092F368B24B2CBFC003EA5C1 /* NavigationViewController */ = {
			isa = PBXGroup;
			children = (
				092F368C24B2CC5F003EA5C1 /* CreateViewController.swift */,
			);
			path = NavigationViewController;
			sourceTree = "<group>";
		};
		09D49CDD24D015440061E9C2 /* tableViewHome */ = {
			isa = PBXGroup;
			children = (
				094CD2BE24C184C600169245 /* HomeTableViewCell.swift */,
			);
			path = tableViewHome;
			sourceTree = "<group>";
		};
		09D49CDE24D015880061E9C2 /* modalMessage */ = {
			isa = PBXGroup;
			children = (
				0903A8C524C8AE3600DC567E /* persion.swift */,
			);
			path = modalMessage;
			sourceTree = "<group>";
		};
		09D49CDF24D015C00061E9C2 /* modalInformation */ = {
			isa = PBXGroup;
			children = (
				09CBB36124C97495006C65E8 /* information.swift */,
			);
			path = modalInformation;
			sourceTree = "<group>";
		};
		09D49CE024D015EA0061E9C2 /* tabelViewMessage */ = {
			isa = PBXGroup;
			children = (
				09E93E1624C93A7300E756C3 /* MessagerTableViewCell.swift */,
				09E93E1724C93A7300E756C3 /* MessagerTableViewCell.xib */,
			);
			path = tabelViewMessage;
			sourceTree = "<group>";
		};
		09D49CE124D0161F0061E9C2 /* tableViewInformation */ = {
			isa = PBXGroup;
			children = (
				09CBB35D24C9729A006C65E8 /* InformationTableViewCell.swift */,
				09CBB35E24C9729A006C65E8 /* InformationTableViewCell.xib */,
			);
			path = tableViewInformation;
			sourceTree = "<group>";
		};
		09D49CE224D016430061E9C2 /* CollectionViewHome */ = {
			isa = PBXGroup;
			children = (
				094CD2C024C19B0900169245 /* MyCollectionViewCell.swift */,
				09DA9FB424D164A900A897A5 /* home.swift */,
			);
			path = CollectionViewHome;
			sourceTree = "<group>";
		};
		09D49CE524D02C670061E9C2 /* VcInHome */ = {
			isa = PBXGroup;
			children = (
				09D49CE624D02C8A0061E9C2 /* ITViewController.swift */,
				09D49CE824D02CBB0061E9C2 /* CreationViewController.swift */,
				09D49CEA24D02CD40061E9C2 /* EngineerViewController.swift */,
			);
			path = VcInHome;
			sourceTree = "<group>";
		};
		09DA9FA924D15B6900A897A5 /* TableViewNotification */ = {
			isa = PBXGroup;
			children = (
				09DA9FAB24D15BB600A897A5 /* NotificationTableViewCell.swift */,
				09DA9FAC24D15BB600A897A5 /* NotificationTableViewCell.xib */,
			);
			path = TableViewNotification;
			sourceTree = "<group>";
		};
		09DA9FAA24D15B7F00A897A5 /* modalNotification */ = {
			isa = PBXGroup;
			children = (
				09DA9FAF24D15BC900A897A5 /* Notification.swift */,
			);
			path = modalNotification;
			sourceTree = "<group>";
		};
		82D619BBC7A36958B4452CBA /* Frameworks */ = {
			isa = PBXGroup;
			children = (
				6296DCE8FDCEFD58E8B23F46 /* Pods_DoSomeThing.framework */,
			);
			name = Frameworks;
			sourceTree = "<group>";
		};
		8EF7ADC602613B1AFFE6A815 /* Pods */ = {
			isa = PBXGroup;
			children = (
				EAD6263CECBEC88A9B96E7EF /* Pods-DoSomeThing.debug.xcconfig */,
				4E561EE29BEBDF76ADEEF15E /* Pods-DoSomeThing.release.xcconfig */,
			);
			path = Pods;
			sourceTree = "<group>";
		};
/* End PBXGroup section */

/* Begin PBXNativeTarget section */
		0916D8CC24A33BDA00F71B21 /* DoSomeThing */ = {
			isa = PBXNativeTarget;
			buildConfigurationList = 0916D8E124A33BDE00F71B21 /* Build configuration list for PBXNativeTarget "DoSomeThing" */;
			buildPhases = (
				671FAAD0319FE6A9F27F217C /* [CP] Check Pods Manifest.lock */,
				0916D8C924A33BDA00F71B21 /* Sources */,
				0916D8CA24A33BDA00F71B21 /* Frameworks */,
				0916D8CB24A33BDA00F71B21 /* Resources */,
				3A277780500853476B7F222F /* [CP] Embed Pods Frameworks */,
			);
			buildRules = (
			);
			dependencies = (
			);
			name = DoSomeThing;
			productName = DoSomeThing;
			productReference = 0916D8CD24A33BDA00F71B21 /* DoSomeThing.app */;
			productType = "com.apple.product-type.application";
		};
/* End PBXNativeTarget section */

/* Begin PBXProject section */
		0916D8C524A33BDA00F71B21 /* Project object */ = {
			isa = PBXProject;
			attributes = {
				LastSwiftUpdateCheck = 1130;
				LastUpgradeCheck = 1130;
				ORGANIZATIONNAME = guntex01;
				TargetAttributes = {
					0916D8CC24A33BDA00F71B21 = {
						CreatedOnToolsVersion = 11.3;
					};
				};
			};
			buildConfigurationList = 0916D8C824A33BDA00F71B21 /* Build configuration list for PBXProject "DoSomeThing" */;
			compatibilityVersion = "Xcode 9.3";
			developmentRegion = en;
			hasScannedForEncodings = 0;
			knownRegions = (
				en,
				Base,
			);
			mainGroup = 0916D8C424A33BDA00F71B21;
			productRefGroup = 0916D8CE24A33BDA00F71B21 /* Products */;
			projectDirPath = "";
			projectRoot = "";
			targets = (
				0916D8CC24A33BDA00F71B21 /* DoSomeThing */,
			);
		};
/* End PBXProject section */

/* Begin PBXResourcesBuildPhase section */
		0916D8CB24A33BDA00F71B21 /* Resources */ = {
			isa = PBXResourcesBuildPhase;
			buildActionMask = 2147483647;
			files = (
				09CBB36024C9729A006C65E8 /* InformationTableViewCell.xib in Resources */,
				09E93E1924C93A7300E756C3 /* MessagerTableViewCell.xib in Resources */,
				09DA9FAE24D15BB600A897A5 /* NotificationTableViewCell.xib in Resources */,
				0916D8DD24A33BDE00F71B21 /* LaunchScreen.storyboard in Resources */,
				0916D8DA24A33BDE00F71B21 /* Assets.xcassets in Resources */,
				0916D8D824A33BDA00F71B21 /* Main.storyboard in Resources */,
				090BEAC824D2D54300875604 /* GoogleService-Info.plist in Resources */,
			);
			runOnlyForDeploymentPostprocessing = 0;
		};
/* End PBXResourcesBuildPhase section */

/* Begin PBXShellScriptBuildPhase section */
		3A277780500853476B7F222F /* [CP] Embed Pods Frameworks */ = {
			isa = PBXShellScriptBuildPhase;
			buildActionMask = 2147483647;
			files = (
			);
			inputFileListPaths = (
				"${PODS_ROOT}/Target Support Files/Pods-DoSomeThing/Pods-DoSomeThing-frameworks-${CONFIGURATION}-input-files.xcfilelist",
			);
			name = "[CP] Embed Pods Frameworks";
			outputFileListPaths = (
				"${PODS_ROOT}/Target Support Files/Pods-DoSomeThing/Pods-DoSomeThing-frameworks-${CONFIGURATION}-output-files.xcfilelist",
			);
			runOnlyForDeploymentPostprocessing = 0;
			shellPath = /bin/sh;
			shellScript = "\"${PODS_ROOT}/Target Support Files/Pods-DoSomeThing/Pods-DoSomeThing-frameworks.sh\"\n";
			showEnvVarsInLog = 0;
		};
		671FAAD0319FE6A9F27F217C /* [CP] Check Pods Manifest.lock */ = {
			isa = PBXShellScriptBuildPhase;
			buildActionMask = 2147483647;
			files = (
			);
			inputFileListPaths = (
			);
			inputPaths = (
				"${PODS_PODFILE_DIR_PATH}/Podfile.lock",
				"${PODS_ROOT}/Manifest.lock",
			);
			name = "[CP] Check Pods Manifest.lock";
			outputFileListPaths = (
			);
			outputPaths = (
				"$(DERIVED_FILE_DIR)/Pods-DoSomeThing-checkManifestLockResult.txt",
			);
			runOnlyForDeploymentPostprocessing = 0;
			shellPath = /bin/sh;
			shellScript = "diff \"${PODS_PODFILE_DIR_PATH}/Podfile.lock\" \"${PODS_ROOT}/Manifest.lock\" > /dev/null\nif [ $? != 0 ] ; then\n    # print error to STDERR\n    echo \"error: The sandbox is not in sync with the Podfile.lock. Run 'pod install' or update your CocoaPods installation.\" >&2\n    exit 1\nfi\n# This output is used by Xcode 'outputs' to avoid re-running this script phase.\necho \"SUCCESS\" > \"${SCRIPT_OUTPUT_FILE_0}\"\n";
			showEnvVarsInLog = 0;
		};
/* End PBXShellScriptBuildPhase section */

/* Begin PBXSourcesBuildPhase section */
		0916D8C924A33BDA00F71B21 /* Sources */ = {
			isa = PBXSourcesBuildPhase;
			buildActionMask = 2147483647;
			files = (
				09D49CE424D020AB0061E9C2 /* CustomHeader.swift in Sources */,
				09D49CEB24D02CD40061E9C2 /* EngineerViewController.swift in Sources */,
				0916D8D524A33BDA00F71B21 /* ViewController.swift in Sources */,
				09DA9FAD24D15BB600A897A5 /* NotificationTableViewCell.swift in Sources */,
				092F368324B2C6AA003EA5C1 /* InformationViewController.swift in Sources */,
				0916D8D124A33BDA00F71B21 /* AppDelegate.swift in Sources */,
				09D49CE924D02CBB0061E9C2 /* CreationViewController.swift in Sources */,
				09DA9FB024D15BC900A897A5 /* Notification.swift in Sources */,
				09D49CE724D02C8A0061E9C2 /* ITViewController.swift in Sources */,
				0917B3C724A5992000675DD8 /* CustomTextField.swift in Sources */,
				09CBB36624C97D9E006C65E8 /* RequestReceivedViewController.swift in Sources */,
				092F368A24B2C761003EA5C1 /* MyTabBarViewController.swift in Sources */,
				092F368D24B2CC5F003EA5C1 /* CreateViewController.swift in Sources */,
				099D75BD24AC36E000AF0AB6 /* RegisterViewController.swift in Sources */,
				09E93E1824C93A7300E756C3 /* MessagerTableViewCell.swift in Sources */,
				09185DF724CF70E00094CB8A /* CustomTextFieldCreatVC.swift in Sources */,
				0916D8E524A347A000F71B21 /* CustomColor.swift in Sources */,
				094CD2BF24C184C600169245 /* HomeTableViewCell.swift in Sources */,
				0917B3C924A5994500675DD8 /* CustomButton.swift in Sources */,
				09683A6024BD967600F91B00 /* HomesViewController.swift in Sources */,
				092F368724B2C6E5003EA5C1 /* NotificationViewController.swift in Sources */,
				09DA9FB524D164A900A897A5 /* home.swift in Sources */,
				09683A6224BD9E6A00F91B00 /* GradientPoints.swift in Sources */,
				09CBB36424C97D7A006C65E8 /* MyRequestViewController.swift in Sources */,
				0903A8C624C8AE3600DC567E /* persion.swift in Sources */,
				0916D8E824A3489000F71B21 /* LogInViewController.swift in Sources */,
				09CBB36224C97495006C65E8 /* information.swift in Sources */,
				09CBB35F24C9729A006C65E8 /* InformationTableViewCell.swift in Sources */,
				090BEACA24D319CB00875604 /* ConvertHelper.swift in Sources */,
				0903A8C924C8B8FC00DC567E /* SettingViewController.swift in Sources */,
				092F368524B2C6CC003EA5C1 /* MessageViewController.swift in Sources */,
				094CD2C124C19B0900169245 /* MyCollectionViewCell.swift in Sources */,
				0916D8D324A33BDA00F71B21 /* SceneDelegate.swift in Sources */,
			);
			runOnlyForDeploymentPostprocessing = 0;
		};
/* End PBXSourcesBuildPhase section */

/* Begin PBXVariantGroup section */
		0916D8D624A33BDA00F71B21 /* Main.storyboard */ = {
			isa = PBXVariantGroup;
			children = (
				0916D8D724A33BDA00F71B21 /* Base */,
			);
			name = Main.storyboard;
			sourceTree = "<group>";
		};
		0916D8DB24A33BDE00F71B21 /* LaunchScreen.storyboard */ = {
			isa = PBXVariantGroup;
			children = (
				0916D8DC24A33BDE00F71B21 /* Base */,
			);
			name = LaunchScreen.storyboard;
			sourceTree = "<group>";
		};
/* End PBXVariantGroup section */

/* Begin XCBuildConfiguration section */
		0916D8DF24A33BDE00F71B21 /* Debug */ = {
			isa = XCBuildConfiguration;
			buildSettings = {
				ALWAYS_SEARCH_USER_PATHS = NO;
				CLANG_ANALYZER_NONNULL = YES;
				CLANG_ANALYZER_NUMBER_OBJECT_CONVERSION = YES_AGGRESSIVE;
				CLANG_CXX_LANGUAGE_STANDARD = "gnu++14";
				CLANG_CXX_LIBRARY = "libc++";
				CLANG_ENABLE_MODULES = YES;
				CLANG_ENABLE_OBJC_ARC = YES;
				CLANG_ENABLE_OBJC_WEAK = YES;
				CLANG_WARN_BLOCK_CAPTURE_AUTORELEASING = YES;
				CLANG_WARN_BOOL_CONVERSION = YES;
				CLANG_WARN_COMMA = YES;
				CLANG_WARN_CONSTANT_CONVERSION = YES;
				CLANG_WARN_DEPRECATED_OBJC_IMPLEMENTATIONS = YES;
				CLANG_WARN_DIRECT_OBJC_ISA_USAGE = YES_ERROR;
				CLANG_WARN_DOCUMENTATION_COMMENTS = YES;
				CLANG_WARN_EMPTY_BODY = YES;
				CLANG_WARN_ENUM_CONVERSION = YES;
				CLANG_WARN_INFINITE_RECURSION = YES;
				CLANG_WARN_INT_CONVERSION = YES;
				CLANG_WARN_NON_LITERAL_NULL_CONVERSION = YES;
				CLANG_WARN_OBJC_IMPLICIT_RETAIN_SELF = YES;
				CLANG_WARN_OBJC_LITERAL_CONVERSION = YES;
				CLANG_WARN_OBJC_ROOT_CLASS = YES_ERROR;
				CLANG_WARN_RANGE_LOOP_ANALYSIS = YES;
				CLANG_WARN_STRICT_PROTOTYPES = YES;
				CLANG_WARN_SUSPICIOUS_MOVE = YES;
				CLANG_WARN_UNGUARDED_AVAILABILITY = YES_AGGRESSIVE;
				CLANG_WARN_UNREACHABLE_CODE = YES;
				CLANG_WARN__DUPLICATE_METHOD_MATCH = YES;
				COPY_PHASE_STRIP = NO;
				DEBUG_INFORMATION_FORMAT = dwarf;
				ENABLE_STRICT_OBJC_MSGSEND = YES;
				ENABLE_TESTABILITY = YES;
				GCC_C_LANGUAGE_STANDARD = gnu11;
				GCC_DYNAMIC_NO_PIC = NO;
				GCC_NO_COMMON_BLOCKS = YES;
				GCC_OPTIMIZATION_LEVEL = 0;
				GCC_PREPROCESSOR_DEFINITIONS = (
					"DEBUG=1",
					"$(inherited)",
				);
				GCC_WARN_64_TO_32_BIT_CONVERSION = YES;
				GCC_WARN_ABOUT_RETURN_TYPE = YES_ERROR;
				GCC_WARN_UNDECLARED_SELECTOR = YES;
				GCC_WARN_UNINITIALIZED_AUTOS = YES_AGGRESSIVE;
				GCC_WARN_UNUSED_FUNCTION = YES;
				GCC_WARN_UNUSED_VARIABLE = YES;
				IPHONEOS_DEPLOYMENT_TARGET = 13.2;
				MTL_ENABLE_DEBUG_INFO = INCLUDE_SOURCE;
				MTL_FAST_MATH = YES;
				ONLY_ACTIVE_ARCH = YES;
				SDKROOT = iphoneos;
				SWIFT_ACTIVE_COMPILATION_CONDITIONS = DEBUG;
				SWIFT_OPTIMIZATION_LEVEL = "-Onone";
			};
			name = Debug;
		};
		0916D8E024A33BDE00F71B21 /* Release */ = {
			isa = XCBuildConfiguration;
			buildSettings = {
				ALWAYS_SEARCH_USER_PATHS = NO;
				CLANG_ANALYZER_NONNULL = YES;
				CLANG_ANALYZER_NUMBER_OBJECT_CONVERSION = YES_AGGRESSIVE;
				CLANG_CXX_LANGUAGE_STANDARD = "gnu++14";
				CLANG_CXX_LIBRARY = "libc++";
				CLANG_ENABLE_MODULES = YES;
				CLANG_ENABLE_OBJC_ARC = YES;
				CLANG_ENABLE_OBJC_WEAK = YES;
				CLANG_WARN_BLOCK_CAPTURE_AUTORELEASING = YES;
				CLANG_WARN_BOOL_CONVERSION = YES;
				CLANG_WARN_COMMA = YES;
				CLANG_WARN_CONSTANT_CONVERSION = YES;
				CLANG_WARN_DEPRECATED_OBJC_IMPLEMENTATIONS = YES;
				CLANG_WARN_DIRECT_OBJC_ISA_USAGE = YES_ERROR;
				CLANG_WARN_DOCUMENTATION_COMMENTS = YES;
				CLANG_WARN_EMPTY_BODY = YES;
				CLANG_WARN_ENUM_CONVERSION = YES;
				CLANG_WARN_INFINITE_RECURSION = YES;
				CLANG_WARN_INT_CONVERSION = YES;
				CLANG_WARN_NON_LITERAL_NULL_CONVERSION = YES;
				CLANG_WARN_OBJC_IMPLICIT_RETAIN_SELF = YES;
				CLANG_WARN_OBJC_LITERAL_CONVERSION = YES;
				CLANG_WARN_OBJC_ROOT_CLASS = YES_ERROR;
				CLANG_WARN_RANGE_LOOP_ANALYSIS = YES;
				CLANG_WARN_STRICT_PROTOTYPES = YES;
				CLANG_WARN_SUSPICIOUS_MOVE = YES;
				CLANG_WARN_UNGUARDED_AVAILABILITY = YES_AGGRESSIVE;
				CLANG_WARN_UNREACHABLE_CODE = YES;
				CLANG_WARN__DUPLICATE_METHOD_MATCH = YES;
				COPY_PHASE_STRIP = NO;
				DEBUG_INFORMATION_FORMAT = "dwarf-with-dsym";
				ENABLE_NS_ASSERTIONS = NO;
				ENABLE_STRICT_OBJC_MSGSEND = YES;
				GCC_C_LANGUAGE_STANDARD = gnu11;
				GCC_NO_COMMON_BLOCKS = YES;
				GCC_WARN_64_TO_32_BIT_CONVERSION = YES;
				GCC_WARN_ABOUT_RETURN_TYPE = YES_ERROR;
				GCC_WARN_UNDECLARED_SELECTOR = YES;
				GCC_WARN_UNINITIALIZED_AUTOS = YES_AGGRESSIVE;
				GCC_WARN_UNUSED_FUNCTION = YES;
				GCC_WARN_UNUSED_VARIABLE = YES;
				IPHONEOS_DEPLOYMENT_TARGET = 13.2;
				MTL_ENABLE_DEBUG_INFO = NO;
				MTL_FAST_MATH = YES;
				SDKROOT = iphoneos;
				SWIFT_COMPILATION_MODE = wholemodule;
				SWIFT_OPTIMIZATION_LEVEL = "-O";
				VALIDATE_PRODUCT = YES;
			};
			name = Release;
		};
		0916D8E224A33BDE00F71B21 /* Debug */ = {
			isa = XCBuildConfiguration;
			baseConfigurationReference = EAD6263CECBEC88A9B96E7EF /* Pods-DoSomeThing.debug.xcconfig */;
			buildSettings = {
				ASSETCATALOG_COMPILER_APPICON_NAME = AppIcon;
				CODE_SIGN_STYLE = Automatic;
				INFOPLIST_FILE = DoSomeThing/Info.plist;
				LD_RUNPATH_SEARCH_PATHS = (
					"$(inherited)",
					"@executable_path/Frameworks",
				);
				PRODUCT_BUNDLE_IDENTIFIER = com.kietmk.DoSomeThing;
				PRODUCT_NAME = "$(TARGET_NAME)";
				SWIFT_VERSION = 5.0;
				TARGETED_DEVICE_FAMILY = "1,2";
			};
			name = Debug;
		};
		0916D8E324A33BDE00F71B21 /* Release */ = {
			isa = XCBuildConfiguration;
			baseConfigurationReference = 4E561EE29BEBDF76ADEEF15E /* Pods-DoSomeThing.release.xcconfig */;
			buildSettings = {
				ASSETCATALOG_COMPILER_APPICON_NAME = AppIcon;
				CODE_SIGN_STYLE = Automatic;
				INFOPLIST_FILE = DoSomeThing/Info.plist;
				LD_RUNPATH_SEARCH_PATHS = (
					"$(inherited)",
					"@executable_path/Frameworks",
				);
				PRODUCT_BUNDLE_IDENTIFIER = com.kietmk.DoSomeThing;
				PRODUCT_NAME = "$(TARGET_NAME)";
				SWIFT_VERSION = 5.0;
				TARGETED_DEVICE_FAMILY = "1,2";
			};
			name = Release;
		};
/* End XCBuildConfiguration section */

/* Begin XCConfigurationList section */
		0916D8C824A33BDA00F71B21 /* Build configuration list for PBXProject "DoSomeThing" */ = {
			isa = XCConfigurationList;
			buildConfigurations = (
				0916D8DF24A33BDE00F71B21 /* Debug */,
				0916D8E024A33BDE00F71B21 /* Release */,
			);
			defaultConfigurationIsVisible = 0;
			defaultConfigurationName = Release;
		};
		0916D8E124A33BDE00F71B21 /* Build configuration list for PBXNativeTarget "DoSomeThing" */ = {
			isa = XCConfigurationList;
			buildConfigurations = (
				0916D8E224A33BDE00F71B21 /* Debug */,
				0916D8E324A33BDE00F71B21 /* Release */,
			);
			defaultConfigurationIsVisible = 0;
			defaultConfigurationName = Release;
		};
/* End XCConfigurationList section */
	};
	rootObject = 0916D8C524A33BDA00F71B21 /* Project object */;
}
